// !$*UTF8*$!
{
	archiveVersion = 1;
	classes = {
	};
	objectVersion = 46;
	objects = {

/* Begin PBXBuildFile section */
		2B0C39F21C76123000116202 /* AppDelegate.swift in Sources */ = {isa = PBXBuildFile; fileRef = 2B0C39F11C76123000116202 /* AppDelegate.swift */; };
		2B0C39F41C76123000116202 /* ViewController.swift in Sources */ = {isa = PBXBuildFile; fileRef = 2B0C39F31C76123000116202 /* ViewController.swift */; };
		2B0C39F71C76123000116202 /* Main.storyboard in Resources */ = {isa = PBXBuildFile; fileRef = 2B0C39F51C76123000116202 /* Main.storyboard */; };
		2B0C39FA1C76123100116202 /* AddFood.xcdatamodeld in Sources */ = {isa = PBXBuildFile; fileRef = 2B0C39F81C76123100116202 /* AddFood.xcdatamodeld */; };
		2B0C39FC1C76123100116202 /* Assets.xcassets in Resources */ = {isa = PBXBuildFile; fileRef = 2B0C39FB1C76123100116202 /* Assets.xcassets */; };
		2B0C39FF1C76123100116202 /* LaunchScreen.storyboard in Resources */ = {isa = PBXBuildFile; fileRef = 2B0C39FD1C76123100116202 /* LaunchScreen.storyboard */; };
/* End PBXBuildFile section */

/* Begin PBXFileReference section */
		2B0C39EE1C76123000116202 /* SearchBarTemplate.app */ = {isa = PBXFileReference; explicitFileType = wrapper.application; includeInIndex = 0; path = SearchBarTemplate.app; sourceTree = BUILT_PRODUCTS_DIR; };
		2B0C39F11C76123000116202 /* AppDelegate.swift */ = {isa = PBXFileReference; lastKnownFileType = sourcecode.swift; path = AppDelegate.swift; sourceTree = "<group>"; };
		2B0C39F31C76123000116202 /* ViewController.swift */ = {isa = PBXFileReference; lastKnownFileType = sourcecode.swift; path = ViewController.swift; sourceTree = "<group>"; };
		2B0C39F61C76123000116202 /* Base */ = {isa = PBXFileReference; lastKnownFileType = file.storyboard; name = Base; path = Base.lproj/Main.storyboard; sourceTree = "<group>"; };
		2B0C39F91C76123100116202 /* AddFood.xcdatamodel */ = {isa = PBXFileReference; lastKnownFileType = wrapper.xcdatamodel; path = AddFood.xcdatamodel; sourceTree = "<group>"; };
		2B0C39FB1C76123100116202 /* Assets.xcassets */ = {isa = PBXFileReference; lastKnownFileType = folder.assetcatalog; path = Assets.xcassets; sourceTree = "<group>"; };
		2B0C39FE1C76123100116202 /* Base */ = {isa = PBXFileReference; lastKnownFileType = file.storyboard; name = Base; path = Base.lproj/LaunchScreen.storyboard; sourceTree = "<group>"; };
		2B0C3A001C76123100116202 /* Info.plist */ = {isa = PBXFileReference; lastKnownFileType = text.plist.xml; path = Info.plist; sourceTree = "<group>"; };
/* End PBXFileReference section */

/* Begin PBXFrameworksBuildPhase section */
		2B0C39EB1C76123000116202 /* Frameworks */ = {
			isa = PBXFrameworksBuildPhase;
			buildActionMask = 2147483647;
			files = (
			);
			runOnlyForDeploymentPostprocessing = 0;
		};
/* End PBXFrameworksBuildPhase section */

/* Begin PBXGroup section */
		2B0C39E51C76123000116202 = {
			isa = PBXGroup;
			children = (
				2B0C39F01C76123000116202 /* SearchBarTemplate */,
				2B0C39EF1C76123000116202 /* Products */,
			);
			sourceTree = "<group>";
		};
		2B0C39EF1C76123000116202 /* Products */ = {
			isa = PBXGroup;
			children = (
				2B0C39EE1C76123000116202 /* SearchBarTemplate.app */,
			);
			name = Products;
			sourceTree = "<group>";
		};
		2B0C39F01C76123000116202 /* SearchBarTemplate */ = {
			isa = PBXGroup;
			children = (
				2B0C39F11C76123000116202 /* AppDelegate.swift */,
				2B0C39F31C76123000116202 /* ViewController.swift */,
				2B0C39F51C76123000116202 /* Main.storyboard */,
				2B0C39FB1C76123100116202 /* Assets.xcassets */,
				2B0C39FD1C76123100116202 /* LaunchScreen.storyboard */,
				2B0C3A001C76123100116202 /* Info.plist */,
				2B0C39F81C76123100116202 /* AddFood.xcdatamodeld */,
			);
			name = SearchBarTemplate;
			path = AddFood;
			sourceTree = "<group>";
		};
/* End PBXGroup section */

/* Begin PBXNativeTarget section */
		2B0C39ED1C76123000116202 /* SearchBarTemplate */ = {
			isa = PBXNativeTarget;
			buildConfigurationList = 2B0C3A031C76123100116202 /* Build configuration list for PBXNativeTarget "SearchBarTemplate" */;
			buildPhases = (
				2B0C39EA1C76123000116202 /* Sources */,
				2B0C39EB1C76123000116202 /* Frameworks */,
				2B0C39EC1C76123000116202 /* Resources */,
			);
			buildRules = (
			);
			dependencies = (
			);
			name = SearchBarTemplate;
			productName = AddFood;
			productReference = 2B0C39EE1C76123000116202 /* SearchBarTemplate.app */;
			productType = "com.apple.product-type.application";
		};
/* End PBXNativeTarget section */

/* Begin PBXProject section */
		2B0C39E61C76123000116202 /* Project object */ = {
			isa = PBXProject;
			attributes = {
				LastSwiftUpdateCheck = 0720;
				LastUpgradeCheck = 0720;
				ORGANIZATIONNAME = "Joe Edwards";
				TargetAttributes = {
					2B0C39ED1C76123000116202 = {
						CreatedOnToolsVersion = 7.2.1;
					};
				};
			};
			buildConfigurationList = 2B0C39E91C76123000116202 /* Build configuration list for PBXProject "SearchBarTemplate" */;
			compatibilityVersion = "Xcode 3.2";
			developmentRegion = English;
			hasScannedForEncodings = 0;
			knownRegions = (
				en,
				Base,
			);
			mainGroup = 2B0C39E51C76123000116202;
			productRefGroup = 2B0C39EF1C76123000116202 /* Products */;
			projectDirPath = "";
			projectRoot = "";
			targets = (
				2B0C39ED1C76123000116202 /* SearchBarTemplate */,
			);
		};
/* End PBXProject section */

/* Begin PBXResourcesBuildPhase section */
		2B0C39EC1C76123000116202 /* Resources */ = {
			isa = PBXResourcesBuildPhase;
			buildActionMask = 2147483647;
			files = (
				2B0C39FF1C76123100116202 /* LaunchScreen.storyboard in Resources */,
				2B0C39FC1C76123100116202 /* Assets.xcassets in Resources */,
				2B0C39F71C76123000116202 /* Main.storyboard in Resources */,
			);
			runOnlyForDeploymentPostprocessing = 0;
		};
/* End PBXResourcesBuildPhase section */

/* Begin PBXSourcesBuildPhase section */
		2B0C39EA1C76123000116202 /* Sources */ = {
			isa = PBXSourcesBuildPhase;
			buildActionMask = 2147483647;
			files = (
				2B0C39F41C76123000116202 /* ViewController.swift in Sources */,
				2B0C39F21C76123000116202 /* AppDelegate.swift in Sources */,
				2B0C39FA1C76123100116202 /* AddFood.xcdatamodeld in Sources */,
			);
			runOnlyForDeploymentPostprocessing = 0;
		};
/* End PBXSourcesBuildPhase section */

/* Begin PBXVariantGroup section */
		2B0C39F51C76123000116202 /* Main.storyboard */ = {
			isa = PBXVariantGroup;
			children = (
				2B0C39F61C76123000116202 /* Base */,
			);
			name = Main.storyboard;
			sourceTree = "<group>";
		};
		2B0C39FD1C76123100116202 /* LaunchScreen.storyboard */ = {
			isa = PBXVariantGroup;
			children = (
				2B0C39FE1C76123100116202 /* Base */,
			);
			name = LaunchScreen.storyboard;
			sourceTree = "<group>";
		};
/* End PBXVariantGroup section */

/* Begin XCBuildConfiguration section */
		2B0C3A011C76123100116202 /* Debug */ = {
			isa = XCBuildConfiguration;
			buildSettings = {
				ALWAYS_SEARCH_USER_PATHS = NO;
				CLANG_CXX_LANGUAGE_STANDARD = "gnu++0x";
				CLANG_CXX_LIBRARY = "libc++";
				CLANG_ENABLE_MODULES = YES;
				CLANG_ENABLE_OBJC_ARC = YES;
				CLANG_WARN_BOOL_CONVERSION = YES;
				CLANG_WARN_CONSTANT_CONVERSION = YES;
				CLANG_WARN_DIRECT_OBJC_ISA_USAGE = YES_ERROR;
				CLANG_WARN_EMPTY_BODY = YES;
				CLANG_WARN_ENUM_CONVERSION = YES;
				CLANG_WARN_INT_CONVERSION = YES;
				CLANG_WARN_OBJC_ROOT_CLASS = YES_ERROR;
				CLANG_WARN_UNREACHABLE_CODE = YES;
				CLANG_WARN__DUPLICATE_METHOD_MATCH = YES;
				"CODE_SIGN_IDENTITY[sdk=iphoneos*]" = "iPhone Developer";
				COPY_PHASE_STRIP = NO;
				DEBUG_INFORMATION_FORMAT = dwarf;
				ENABLE_STRICT_OBJC_MSGSEND = YES;
				ENABLE_TESTABILITY = YES;
				GCC_C_LANGUAGE_STANDARD = gnu99;
				GCC_DYNAMIC_NO_PIC = NO;
				GCC_NO_COMMON_BLOCKS = YES;
				GCC_OPTIMIZATION_LEVEL = 0;
				GCC_PREPROCESSOR_DEFINITIONS = (
					"DEBUG=1",
					"$(inherited)",
				);
				GCC_WARN_64_TO_32_BIT_CONVERSION = YES;
				GCC_WARN_ABOUT_RETURN_TYPE = YES_ERROR;
				GCC_WARN_UNDECLARED_SELECTOR = YES;
				GCC_WARN_UNINITIALIZED_AUTOS = YES_AGGRESSIVE;
				GCC_WARN_UNUSED_FUNCTION = YES;
				GCC_WARN_UNUSED_VARIABLE = YES;
				IPHONEOS_DEPLOYMENT_TARGET = 9.2;
				MTL_ENABLE_DEBUG_INFO = YES;
				ONLY_ACTIVE_ARCH = YES;
				SDKROOT = iphoneos;
				SWIFT_OPTIMIZATION_LEVEL = "-Onone";
			};
			name = Debug;
		};
		2B0C3A021C76123100116202 /* Release */ = {
			isa = XCBuildConfiguration;
			buildSettings = {
				ALWAYS_SEARCH_USER_PATHS = NO;
				CLANG_CXX_LANGUAGE_STANDARD = "gnu++0x";
				CLANG_CXX_LIBRARY = "libc++";
				CLANG_ENABLE_MODULES = YES;
				CLANG_ENABLE_OBJC_ARC = YES;
				CLANG_WARN_BOOL_CONVERSION = YES;
				CLANG_WARN_CONSTANT_CONVERSION = YES;
				CLANG_WARN_DIRECT_OBJC_ISA_USAGE = YES_ERROR;
				CLANG_WARN_EMPTY_BODY = YES;
				CLANG_WARN_ENUM_CONVERSION = YES;
				CLANG_WARN_INT_CONVERSION = YES;
				CLANG_WARN_OBJC_ROOT_CLASS = YES_ERROR;
				CLANG_WARN_UNREACHABLE_CODE = YES;
				CLANG_WARN__DUPLICATE_METHOD_MATCH = YES;
				"CODE_SIGN_IDENTITY[sdk=iphoneos*]" = "iPhone Developer";
				COPY_PHASE_STRIP = NO;
				DEBUG_INFORMATION_FORMAT = "dwarf-with-dsym";
				ENABLE_NS_ASSERTIONS = NO;
				ENABLE_STRICT_OBJC_MSGSEND = YES;
				GCC_C_LANGUAGE_STANDARD = gnu99;
				GCC_NO_COMMON_BLOCKS = YES;
				GCC_WARN_64_TO_32_BIT_CONVERSION = YES;
				GCC_WARN_ABOUT_RETURN_TYPE = YES_ERROR;
				GCC_WARN_UNDECLARED_SELECTOR = YES;
				GCC_WARN_UNINITIALIZED_AUTOS = YES_AGGRESSIVE;
				GCC_WARN_UNUSED_FUNCTION = YES;
				GCC_WARN_UNUSED_VARIABLE = YES;
				IPHONEOS_DEPLOYMENT_TARGET = 9.2;
				MTL_ENABLE_DEBUG_INFO = NO;
				SDKROOT = iphoneos;
				VALIDATE_PRODUCT = YES;
			};
			name = Release;
		};
		2B0C3A041C76123100116202 /* Debug */ = {
			isa = XCBuildConfiguration;
			buildSettings = {
				ASSETCATALOG_COMPILER_APPICON_NAME = AppIcon;
				INFOPLIST_FILE = AddFood/Info.plist;
				LD_RUNPATH_SEARCH_PATHS = "$(inherited) @executable_path/Frameworks";
				PRODUCT_BUNDLE_IDENTIFIER = com.Montchat.AddFood;
				PRODUCT_NAME = SearchBarTemplate;
			};
			name = Debug;
		};
		2B0C3A051C76123100116202 /* Release */ = {
			isa = XCBuildConfiguration;
			buildSettings = {
				ASSETCATALOG_COMPILER_APPICON_NAME = AppIcon;
				INFOPLIST_FILE = AddFood/Info.plist;
				LD_RUNPATH_SEARCH_PATHS = "$(inherited) @executable_path/Frameworks";
				PRODUCT_BUNDLE_IDENTIFIER = com.Montchat.AddFood;
				PRODUCT_NAME = SearchBarTemplate;
			};
			name = Release;
		};
/* End XCBuildConfiguration section */

/* Begin XCConfigurationList section */
		2B0C39E91C76123000116202 /* Build configuration list for PBXProject "SearchBarTemplate" */ = {
			isa = XCConfigurationList;
			buildConfigurations = (
				2B0C3A011C76123100116202 /* Debug */,
				2B0C3A021C76123100116202 /* Release */,
			);
			defaultConfigurationIsVisible = 0;
			defaultConfigurationName = Release;
		};
		2B0C3A031C76123100116202 /* Build configuration list for PBXNativeTarget "SearchBarTemplate" */ = {
			isa = XCConfigurationList;
			buildConfigurations = (
				2B0C3A041C76123100116202 /* Debug */,
				2B0C3A051C76123100116202 /* Release */,
			);
			defaultConfigurationIsVisible = 0;
			defaultConfigurationName = Release;
		};
/* End XCConfigurationList section */

/* Begin XCVersionGroup section */
		2B0C39F81C76123100116202 /* AddFood.xcdatamodeld */ = {
			isa = XCVersionGroup;
			children = (
				2B0C39F91C76123100116202 /* AddFood.xcdatamodel */,
			);
			currentVersion = 2B0C39F91C76123100116202 /* AddFood.xcdatamodel */;
			path = AddFood.xcdatamodeld;
			sourceTree = "<group>";
			versionGroupType = wrapper.xcdatamodel;
		};
/* End XCVersionGroup section */
	};
	rootObject = 2B0C39E61C76123000116202 /* Project object */;
}
